
Microsoft Visual Studio Solution File, Format Version 12.00
# Visual Studio Version 17
VisualStudioVersion = 17.3.32922.545
MinimumVisualStudioVersion = 10.0.40219.1
Project("{FAE04EC0-301F-11D3-BF4B-00C04F79EFBC}") = "AP-Monopoly", "AP-Monopoly\AP-Monopoly.csproj", "{01ED7122-3192-44FB-BCA7-2CFE01738377}"
EndProject
Project("{FAE04EC0-301F-11D3-BF4B-00C04F79EFBC}") = "MonopolyClasses", "MonopolyClasses\MonopolyClasses.csproj", "{4FA4A113-D93D-48F5-9F8D-5A0FBB859FD9}"
EndProject
Global
	GlobalSection(SolutionConfigurationPlatforms) = preSolution
		Debug|Any CPU = Debug|Any CPU
		Release|Any CPU = Release|Any CPU
	EndGlobalSection
	GlobalSection(ProjectConfigurationPlatforms) = postSolution
		{01ED7122-3192-44FB-BCA7-2CFE01738377}.Debug|Any CPU.ActiveCfg = Debug|Any CPU
		{01ED7122-3192-44FB-BCA7-2CFE01738377}.Debug|Any CPU.Build.0 = Debug|Any CPU
		{01ED7122-3192-44FB-BCA7-2CFE01738377}.Release|Any CPU.ActiveCfg = Release|Any CPU
		{01ED7122-3192-44FB-BCA7-2CFE01738377}.Release|Any CPU.Build.0 = Release|Any CPU
		{4FA4A113-D93D-48F5-9F8D-5A0FBB859FD9}.Debug|Any CPU.ActiveCfg = Debug|Any CPU
		{4FA4A113-D93D-48F5-9F8D-5A0FBB859FD9}.Debug|Any CPU.Build.0 = Debug|Any CPU
		{4FA4A113-D93D-48F5-9F8D-5A0FBB859FD9}.Release|Any CPU.ActiveCfg = Release|Any CPU
		{4FA4A113-D93D-48F5-9F8D-5A0FBB859FD9}.Release|Any CPU.Build.0 = Release|Any CPU
	EndGlobalSection
	GlobalSection(SolutionProperties) = preSolution
		HideSolutionNode = FALSE
	EndGlobalSection
	GlobalSection(ExtensibilityGlobals) = postSolution
		SolutionGuid = {1E2C97A1-6A2F-4B7F-9B76-C15CDD2FFDAB}
	EndGlobalSection
EndGlobal
